
Microsoft Visual Studio Solution File, Format Version 11.00
# Visual Studio 2010
Project("{FAE04EC0-301F-11D3-BF4B-00C04F79EFBC}") = "Mod Loader Confirmation Mod", "Assembly-CSharp.csproj", "{F215FAF7-7BD6-962D-8788-86F4B7FDE645}"
EndProject
Project("{FAE04EC0-301F-11D3-BF4B-00C04F79EFBC}") = "Mod Loader Confirmation Mod", "Assembly-CSharp-Editor.csproj", "{6D0CFF6A-8980-FD33-F8BC-2C3DBB2D6A5C}"
EndProject
Global
	GlobalSection(SolutionConfigurationPlatforms) = preSolution
		Debug|Any CPU = Debug|Any CPU
		Release|Any CPU = Release|Any CPU
	EndGlobalSection
	GlobalSection(ProjectConfigurationPlatforms) = postSolution
		{F215FAF7-7BD6-962D-8788-86F4B7FDE645}.Debug|Any CPU.ActiveCfg = Debug|Any CPU
		{F215FAF7-7BD6-962D-8788-86F4B7FDE645}.Debug|Any CPU.Build.0 = Debug|Any CPU
		{F215FAF7-7BD6-962D-8788-86F4B7FDE645}.Release|Any CPU.ActiveCfg = Release|Any CPU
		{F215FAF7-7BD6-962D-8788-86F4B7FDE645}.Release|Any CPU.Build.0 = Release|Any CPU
		{6D0CFF6A-8980-FD33-F8BC-2C3DBB2D6A5C}.Debug|Any CPU.ActiveCfg = Debug|Any CPU
		{6D0CFF6A-8980-FD33-F8BC-2C3DBB2D6A5C}.Debug|Any CPU.Build.0 = Debug|Any CPU
		{6D0CFF6A-8980-FD33-F8BC-2C3DBB2D6A5C}.Release|Any CPU.ActiveCfg = Release|Any CPU
		{6D0CFF6A-8980-FD33-F8BC-2C3DBB2D6A5C}.Release|Any CPU.Build.0 = Release|Any CPU
	EndGlobalSection
	GlobalSection(SolutionProperties) = preSolution
		HideSolutionNode = FALSE
	EndGlobalSection
	GlobalSection(MonoDevelopProperties) = preSolution
		StartupItem = Assembly-CSharp.csproj
	EndGlobalSection
EndGlobal
